
Microsoft Visual Studio Solution File, Format Version 12.00
Project("{FAE04EC0-301F-11D3-BF4B-00C04F79EFBC}") = "DrawingApp", "DrawingApp\DrawingApp.csproj", "{CC5BB779-A994-4B06-8691-AE7C62540FCB}"
EndProject
Global
	GlobalSection(SolutionConfigurationPlatforms) = preSolution
		Debug|Any CPU = Debug|Any CPU
		Release|Any CPU = Release|Any CPU
	EndGlobalSection
	GlobalSection(ProjectConfigurationPlatforms) = postSolution
		{CC5BB779-A994-4B06-8691-AE7C62540FCB}.Debug|Any CPU.ActiveCfg = Debug|Any CPU
		{CC5BB779-A994-4B06-8691-AE7C62540FCB}.Debug|Any CPU.Build.0 = Debug|Any CPU
		{CC5BB779-A994-4B06-8691-AE7C62540FCB}.Release|Any CPU.ActiveCfg = Release|Any CPU
		{CC5BB779-A994-4B06-8691-AE7C62540FCB}.Release|Any CPU.Build.0 = Release|Any CPU
	EndGlobalSection
EndGlobal
